
Microsoft Visual Studio Solution File, Format Version 12.00
# Visual Studio Version 17
VisualStudioVersion = 17.0.31912.275
MinimumVisualStudioVersion = 10.0.40219.1
Project("{FAE04EC0-301F-11D3-BF4B-00C04F79EFBC}") = "TP_Final", "TP_Final\TP_Final.csproj", "{457B210F-D11F-401D-9E98-C333656F5D13}"
EndProject
Project("{FAE04EC0-301F-11D3-BF4B-00C04F79EFBC}") = "Dominio", "Dominio\Dominio.csproj", "{0F555C80-ADD3-4787-BE0A-9CF81CEA1596}"
EndProject
Project("{FAE04EC0-301F-11D3-BF4B-00C04F79EFBC}") = "Datos", "Datos\Datos.csproj", "{D739D0C7-CF6B-4F17-A310-447946F041F8}"
EndProject
Project("{FAE04EC0-301F-11D3-BF4B-00C04F79EFBC}") = "Controlador", "Controlador\Controlador.csproj", "{2C157A54-3694-4974-A038-3F6D3AECD55B}"
EndProject
Project("{FAE04EC0-301F-11D3-BF4B-00C04F79EFBC}") = "Acciones", "Acciones\Acciones.csproj", "{303D35B8-C9F5-40B9-9985-9FD6244DDF87}"
EndProject
Global
	GlobalSection(SolutionConfigurationPlatforms) = preSolution
		Debug|Any CPU = Debug|Any CPU
		Release|Any CPU = Release|Any CPU
	EndGlobalSection
	GlobalSection(ProjectConfigurationPlatforms) = postSolution
		{457B210F-D11F-401D-9E98-C333656F5D13}.Debug|Any CPU.ActiveCfg = Debug|Any CPU
		{457B210F-D11F-401D-9E98-C333656F5D13}.Debug|Any CPU.Build.0 = Debug|Any CPU
		{457B210F-D11F-401D-9E98-C333656F5D13}.Release|Any CPU.ActiveCfg = Release|Any CPU
		{457B210F-D11F-401D-9E98-C333656F5D13}.Release|Any CPU.Build.0 = Release|Any CPU
		{0F555C80-ADD3-4787-BE0A-9CF81CEA1596}.Debug|Any CPU.ActiveCfg = Debug|Any CPU
		{0F555C80-ADD3-4787-BE0A-9CF81CEA1596}.Debug|Any CPU.Build.0 = Debug|Any CPU
		{0F555C80-ADD3-4787-BE0A-9CF81CEA1596}.Release|Any CPU.ActiveCfg = Release|Any CPU
		{0F555C80-ADD3-4787-BE0A-9CF81CEA1596}.Release|Any CPU.Build.0 = Release|Any CPU
		{D739D0C7-CF6B-4F17-A310-447946F041F8}.Debug|Any CPU.ActiveCfg = Debug|Any CPU
		{D739D0C7-CF6B-4F17-A310-447946F041F8}.Debug|Any CPU.Build.0 = Debug|Any CPU
		{D739D0C7-CF6B-4F17-A310-447946F041F8}.Release|Any CPU.ActiveCfg = Release|Any CPU
		{D739D0C7-CF6B-4F17-A310-447946F041F8}.Release|Any CPU.Build.0 = Release|Any CPU
		{2C157A54-3694-4974-A038-3F6D3AECD55B}.Debug|Any CPU.ActiveCfg = Debug|Any CPU
		{2C157A54-3694-4974-A038-3F6D3AECD55B}.Debug|Any CPU.Build.0 = Debug|Any CPU
		{2C157A54-3694-4974-A038-3F6D3AECD55B}.Release|Any CPU.ActiveCfg = Release|Any CPU
		{2C157A54-3694-4974-A038-3F6D3AECD55B}.Release|Any CPU.Build.0 = Release|Any CPU
		{303D35B8-C9F5-40B9-9985-9FD6244DDF87}.Debug|Any CPU.ActiveCfg = Debug|Any CPU
		{303D35B8-C9F5-40B9-9985-9FD6244DDF87}.Debug|Any CPU.Build.0 = Debug|Any CPU
		{303D35B8-C9F5-40B9-9985-9FD6244DDF87}.Release|Any CPU.ActiveCfg = Release|Any CPU
		{303D35B8-C9F5-40B9-9985-9FD6244DDF87}.Release|Any CPU.Build.0 = Release|Any CPU
	EndGlobalSection
	GlobalSection(SolutionProperties) = preSolution
		HideSolutionNode = FALSE
	EndGlobalSection
	GlobalSection(ExtensibilityGlobals) = postSolution
		SolutionGuid = {86C88499-82F3-4F77-B24E-AD743547738C}
	EndGlobalSection
EndGlobal
